
Microsoft Visual Studio Solution File, Format Version 12.00
# Visual Studio Version 16
VisualStudioVersion = 16.0.31112.23
MinimumVisualStudioVersion = 10.0.40219.1
Project("{8BC9CEB8-8B4A-11D0-8D11-00A0C91BC942}") = "tcpip", "tcpip.vcxproj", "{90FF0C42-FA44-41FE-A8DB-944DFBFE7127}"
EndProject
Project("{8BC9CEB8-8B4A-11D0-8D11-00A0C91BC942}") = "tcpip client", "..\tcpip client\tcpip client.vcxproj", "{122A94AE-D4BF-43AC-B098-954A05D10205}"
	ProjectSection(ProjectDependencies) = postProject
		{90FF0C42-FA44-41FE-A8DB-944DFBFE7127} = {90FF0C42-FA44-41FE-A8DB-944DFBFE7127}
	EndProjectSection
EndProject
Project("{8BC9CEB8-8B4A-11D0-8D11-00A0C91BC942}") = "tcpip server", "..\tcpip server\tcpip server.vcxproj", "{D624009B-C38D-4665-A2ED-41DF203F6F84}"
	ProjectSection(ProjectDependencies) = postProject
		{90FF0C42-FA44-41FE-A8DB-944DFBFE7127} = {90FF0C42-FA44-41FE-A8DB-944DFBFE7127}
	EndProjectSection
EndProject
Global
	GlobalSection(SolutionConfigurationPlatforms) = preSolution
		Debug|x64 = Debug|x64
		Debug|x86 = Debug|x86
		Release|x64 = Release|x64
		Release|x86 = Release|x86
	EndGlobalSection
	GlobalSection(ProjectConfigurationPlatforms) = postSolution
		{90FF0C42-FA44-41FE-A8DB-944DFBFE7127}.Debug|x64.ActiveCfg = Debug|x64
		{90FF0C42-FA44-41FE-A8DB-944DFBFE7127}.Debug|x64.Build.0 = Debug|x64
		{90FF0C42-FA44-41FE-A8DB-944DFBFE7127}.Debug|x86.ActiveCfg = Debug|Win32
		{90FF0C42-FA44-41FE-A8DB-944DFBFE7127}.Debug|x86.Build.0 = Debug|Win32
		{90FF0C42-FA44-41FE-A8DB-944DFBFE7127}.Release|x64.ActiveCfg = Release|x64
		{90FF0C42-FA44-41FE-A8DB-944DFBFE7127}.Release|x64.Build.0 = Release|x64
		{90FF0C42-FA44-41FE-A8DB-944DFBFE7127}.Release|x86.ActiveCfg = Release|Win32
		{90FF0C42-FA44-41FE-A8DB-944DFBFE7127}.Release|x86.Build.0 = Release|Win32
		{122A94AE-D4BF-43AC-B098-954A05D10205}.Debug|x64.ActiveCfg = Debug|x64
		{122A94AE-D4BF-43AC-B098-954A05D10205}.Debug|x64.Build.0 = Debug|x64
		{122A94AE-D4BF-43AC-B098-954A05D10205}.Debug|x86.ActiveCfg = Debug|Win32
		{122A94AE-D4BF-43AC-B098-954A05D10205}.Debug|x86.Build.0 = Debug|Win32
		{122A94AE-D4BF-43AC-B098-954A05D10205}.Release|x64.ActiveCfg = Release|x64
		{122A94AE-D4BF-43AC-B098-954A05D10205}.Release|x64.Build.0 = Release|x64
		{122A94AE-D4BF-43AC-B098-954A05D10205}.Release|x86.ActiveCfg = Release|Win32
		{122A94AE-D4BF-43AC-B098-954A05D10205}.Release|x86.Build.0 = Release|Win32
		{D624009B-C38D-4665-A2ED-41DF203F6F84}.Debug|x64.ActiveCfg = Debug|x64
		{D624009B-C38D-4665-A2ED-41DF203F6F84}.Debug|x64.Build.0 = Debug|x64
		{D624009B-C38D-4665-A2ED-41DF203F6F84}.Debug|x86.ActiveCfg = Debug|Win32
		{D624009B-C38D-4665-A2ED-41DF203F6F84}.Debug|x86.Build.0 = Debug|Win32
		{D624009B-C38D-4665-A2ED-41DF203F6F84}.Release|x64.ActiveCfg = Release|x64
		{D624009B-C38D-4665-A2ED-41DF203F6F84}.Release|x64.Build.0 = Release|x64
		{D624009B-C38D-4665-A2ED-41DF203F6F84}.Release|x86.ActiveCfg = Release|Win32
		{D624009B-C38D-4665-A2ED-41DF203F6F84}.Release|x86.Build.0 = Release|Win32
	EndGlobalSection
	GlobalSection(SolutionProperties) = preSolution
		HideSolutionNode = FALSE
	EndGlobalSection
	GlobalSection(ExtensibilityGlobals) = postSolution
		SolutionGuid = {DDCE9AA0-0F52-4D01-B467-6FB850663790}
	EndGlobalSection
EndGlobal
